
Microsoft Visual Studio Solution File, Format Version 12.00
# Visual Studio 2015
Project("{FAE04EC0-301F-11D3-BF4B-00C04F79EFBC}") = "AI5.CSharp", "AI5.CSharp.csproj", "{F7BD1243-2A63-97E8-7D36-F5F0E043BC42}"
EndProject
Project("{FAE04EC0-301F-11D3-BF4B-00C04F79EFBC}") = "AI5.CSharp.Editor", "AI5.CSharp.Editor.csproj", "{BC48237D-C128-0F1F-E9A4-586E62E53FC4}"
EndProject
Global
	GlobalSection(SolutionConfigurationPlatforms) = preSolution
		Debug|Any CPU = Debug|Any CPU
		Release|Any CPU = Release|Any CPU
	EndGlobalSection
	GlobalSection(ProjectConfigurationPlatforms) = postSolution
		{F7BD1243-2A63-97E8-7D36-F5F0E043BC42}.Debug|Any CPU.ActiveCfg = Debug|Any CPU
		{F7BD1243-2A63-97E8-7D36-F5F0E043BC42}.Debug|Any CPU.Build.0 = Debug|Any CPU
		{F7BD1243-2A63-97E8-7D36-F5F0E043BC42}.Release|Any CPU.ActiveCfg = Release|Any CPU
		{F7BD1243-2A63-97E8-7D36-F5F0E043BC42}.Release|Any CPU.Build.0 = Release|Any CPU
		{BC48237D-C128-0F1F-E9A4-586E62E53FC4}.Debug|Any CPU.ActiveCfg = Debug|Any CPU
		{BC48237D-C128-0F1F-E9A4-586E62E53FC4}.Debug|Any CPU.Build.0 = Debug|Any CPU
		{BC48237D-C128-0F1F-E9A4-586E62E53FC4}.Release|Any CPU.ActiveCfg = Release|Any CPU
		{BC48237D-C128-0F1F-E9A4-586E62E53FC4}.Release|Any CPU.Build.0 = Release|Any CPU
	EndGlobalSection
	GlobalSection(SolutionProperties) = preSolution
		HideSolutionNode = FALSE
	EndGlobalSection
EndGlobal
